
Microsoft Visual Studio Solution File, Format Version 12.00
# Visual Studio Version 17
VisualStudioVersion = 17.11.35312.102
MinimumVisualStudioVersion = 10.0.40219.1
Project("{FAE04EC0-301F-11D3-BF4B-00C04F79EFBC}") = "Library Management Application", "Library Management Application.csproj", "{5DB24B42-A8B6-4A87-AD48-044F7537CE7E}"
EndProject
Global
	GlobalSection(SolutionConfigurationPlatforms) = preSolution
		Debug|Any CPU = Debug|Any CPU
		Release|Any CPU = Release|Any CPU
	EndGlobalSection
	GlobalSection(ProjectConfigurationPlatforms) = postSolution
		{5DB24B42-A8B6-4A87-AD48-044F7537CE7E}.Debug|Any CPU.ActiveCfg = Debug|Any CPU
		{5DB24B42-A8B6-4A87-AD48-044F7537CE7E}.Debug|Any CPU.Build.0 = Debug|Any CPU
		{5DB24B42-A8B6-4A87-AD48-044F7537CE7E}.Release|Any CPU.ActiveCfg = Release|Any CPU
		{5DB24B42-A8B6-4A87-AD48-044F7537CE7E}.Release|Any CPU.Build.0 = Release|Any CPU
	EndGlobalSection
	GlobalSection(SolutionProperties) = preSolution
		HideSolutionNode = FALSE
	EndGlobalSection
	GlobalSection(ExtensibilityGlobals) = postSolution
		SolutionGuid = {6F0B4A97-7A70-454D-8DBC-D362B361DB38}
	EndGlobalSection
EndGlobal
